{
  "requires": true,
  "lockfileVersion": 1,
  "dependencies": {
    "@stomp/stompjs": {
      "version": "5.4.4",
      "resolved": "https://registry.npmjs.org/@stomp/stompjs/-/stompjs-5.4.4.tgz",
      "integrity": "sha512-RIzQ7MLRSJLUpTHcje1ZclnHH982amJSKC9bDxGO0wyu5OF9ROuuiLf7TxKxo1zUu7lGEYNedg9SEi87uMWDqg=="
    }
  }
}
